// !$*UTF8*$!
{
	archiveVersion = 1;
	classes = {
	};
	objectVersion = 55;
	objects = {

/* Begin PBXBuildFile section */
		203F555F27FB462500D24E67 /* AppDelegate.swift in Sources */ = {isa = PBXBuildFile; fileRef = 203F555E27FB462500D24E67 /* AppDelegate.swift */; };
		203F556127FB462500D24E67 /* SceneDelegate.swift in Sources */ = {isa = PBXBuildFile; fileRef = 203F556027FB462500D24E67 /* SceneDelegate.swift */; };
		203F556327FB462500D24E67 /* HomeViewController.swift in Sources */ = {isa = PBXBuildFile; fileRef = 203F556227FB462500D24E67 /* HomeViewController.swift */; };
		203F556827FB462900D24E67 /* Assets.xcassets in Resources */ = {isa = PBXBuildFile; fileRef = 203F556727FB462900D24E67 /* Assets.xcassets */; };
		203F556B27FB462900D24E67 /* LaunchScreen.storyboard in Resources */ = {isa = PBXBuildFile; fileRef = 203F556927FB462900D24E67 /* LaunchScreen.storyboard */; };
		203F557627FB462900D24E67 /* Spotify_CloneTests.swift in Sources */ = {isa = PBXBuildFile; fileRef = 203F557527FB462900D24E67 /* Spotify_CloneTests.swift */; };
		203F558027FB462900D24E67 /* Spotify_CloneUITests.swift in Sources */ = {isa = PBXBuildFile; fileRef = 203F557F27FB462900D24E67 /* Spotify_CloneUITests.swift */; };
		203F558227FB462900D24E67 /* Spotify_CloneUITestsLaunchTests.swift in Sources */ = {isa = PBXBuildFile; fileRef = 203F558127FB462900D24E67 /* Spotify_CloneUITestsLaunchTests.swift */; };
		203F559627FB734E00D24E67 /* TabBarViewController.swift in Sources */ = {isa = PBXBuildFile; fileRef = 203F559527FB734E00D24E67 /* TabBarViewController.swift */; };
		203F559827FB73B200D24E67 /* SearchViewController.swift in Sources */ = {isa = PBXBuildFile; fileRef = 203F559727FB73B200D24E67 /* SearchViewController.swift */; };
		203F559B27FB73D500D24E67 /* LibraryViewController.swift in Sources */ = {isa = PBXBuildFile; fileRef = 203F559A27FB73D500D24E67 /* LibraryViewController.swift */; };
		203F559D27FB73FB00D24E67 /* AuthViewController.swift in Sources */ = {isa = PBXBuildFile; fileRef = 203F559C27FB73FB00D24E67 /* AuthViewController.swift */; };
		203F559F27FB741200D24E67 /* WellcomeViewController.swift in Sources */ = {isa = PBXBuildFile; fileRef = 203F559E27FB741200D24E67 /* WellcomeViewController.swift */; };
		203F55A127FB742500D24E67 /* SettingsViewController.swift in Sources */ = {isa = PBXBuildFile; fileRef = 203F55A027FB742500D24E67 /* SettingsViewController.swift */; };
		203F55A327FB744900D24E67 /* ProfileViewController.swift in Sources */ = {isa = PBXBuildFile; fileRef = 203F55A227FB744900D24E67 /* ProfileViewController.swift */; };
		203F55A527FB746400D24E67 /* PlayerViewController.swift in Sources */ = {isa = PBXBuildFile; fileRef = 203F55A427FB746400D24E67 /* PlayerViewController.swift */; };
		203F55A727FB747700D24E67 /* PlaylistViewController.swift in Sources */ = {isa = PBXBuildFile; fileRef = 203F55A627FB747600D24E67 /* PlaylistViewController.swift */; };
		203F55A927FB748700D24E67 /* SearchResultViewController.swift in Sources */ = {isa = PBXBuildFile; fileRef = 203F55A827FB748700D24E67 /* SearchResultViewController.swift */; };
		203F55AB27FB74A300D24E67 /* AuthManager.swift in Sources */ = {isa = PBXBuildFile; fileRef = 203F55AA27FB74A300D24E67 /* AuthManager.swift */; };
		203F55AD27FB74C100D24E67 /* ApiCaller.swift in Sources */ = {isa = PBXBuildFile; fileRef = 203F55AC27FB74C100D24E67 /* ApiCaller.swift */; };
		203F55AF27FB74D100D24E67 /* HaptictsManager.swift in Sources */ = {isa = PBXBuildFile; fileRef = 203F55AE27FB74D100D24E67 /* HaptictsManager.swift */; };
		203F55B127FB74F800D24E67 /* Playlist.swift in Sources */ = {isa = PBXBuildFile; fileRef = 203F55B027FB74F800D24E67 /* Playlist.swift */; };
		203F55B327FB750A00D24E67 /* AudioTrack.swift in Sources */ = {isa = PBXBuildFile; fileRef = 203F55B227FB750A00D24E67 /* AudioTrack.swift */; };
		203F55B527FB752100D24E67 /* Artist.swift in Sources */ = {isa = PBXBuildFile; fileRef = 203F55B427FB752100D24E67 /* Artist.swift */; };
		203F55B727FB753400D24E67 /* UserProfile.swift in Sources */ = {isa = PBXBuildFile; fileRef = 203F55B627FB753400D24E67 /* UserProfile.swift */; };
/* End PBXBuildFile section */

/* Begin PBXContainerItemProxy section */
		203F557227FB462900D24E67 /* PBXContainerItemProxy */ = {
			isa = PBXContainerItemProxy;
			containerPortal = 203F555327FB462500D24E67 /* Project object */;
			proxyType = 1;
			remoteGlobalIDString = 203F555A27FB462500D24E67;
			remoteInfo = "Spotify Clone";
		};
		203F557C27FB462900D24E67 /* PBXContainerItemProxy */ = {
			isa = PBXContainerItemProxy;
			containerPortal = 203F555327FB462500D24E67 /* Project object */;
			proxyType = 1;
			remoteGlobalIDString = 203F555A27FB462500D24E67;
			remoteInfo = "Spotify Clone";
		};
/* End PBXContainerItemProxy section */

/* Begin PBXFileReference section */
		203F555B27FB462500D24E67 /* Spotify Clone.app */ = {isa = PBXFileReference; explicitFileType = wrapper.application; includeInIndex = 0; path = "Spotify Clone.app"; sourceTree = BUILT_PRODUCTS_DIR; };
		203F555E27FB462500D24E67 /* AppDelegate.swift */ = {isa = PBXFileReference; lastKnownFileType = sourcecode.swift; path = AppDelegate.swift; sourceTree = "<group>"; };
		203F556027FB462500D24E67 /* SceneDelegate.swift */ = {isa = PBXFileReference; lastKnownFileType = sourcecode.swift; path = SceneDelegate.swift; sourceTree = "<group>"; };
		203F556227FB462500D24E67 /* HomeViewController.swift */ = {isa = PBXFileReference; lastKnownFileType = sourcecode.swift; path = HomeViewController.swift; sourceTree = "<group>"; };
		203F556727FB462900D24E67 /* Assets.xcassets */ = {isa = PBXFileReference; lastKnownFileType = folder.assetcatalog; path = Assets.xcassets; sourceTree = "<group>"; };
		203F556A27FB462900D24E67 /* Base */ = {isa = PBXFileReference; lastKnownFileType = file.storyboard; name = Base; path = Base.lproj/LaunchScreen.storyboard; sourceTree = "<group>"; };
		203F556C27FB462900D24E67 /* Info.plist */ = {isa = PBXFileReference; lastKnownFileType = text.plist.xml; path = Info.plist; sourceTree = "<group>"; };
		203F557127FB462900D24E67 /* Spotify CloneTests.xctest */ = {isa = PBXFileReference; explicitFileType = wrapper.cfbundle; includeInIndex = 0; path = "Spotify CloneTests.xctest"; sourceTree = BUILT_PRODUCTS_DIR; };
		203F557527FB462900D24E67 /* Spotify_CloneTests.swift */ = {isa = PBXFileReference; lastKnownFileType = sourcecode.swift; path = Spotify_CloneTests.swift; sourceTree = "<group>"; };
		203F557B27FB462900D24E67 /* Spotify CloneUITests.xctest */ = {isa = PBXFileReference; explicitFileType = wrapper.cfbundle; includeInIndex = 0; path = "Spotify CloneUITests.xctest"; sourceTree = BUILT_PRODUCTS_DIR; };
		203F557F27FB462900D24E67 /* Spotify_CloneUITests.swift */ = {isa = PBXFileReference; lastKnownFileType = sourcecode.swift; path = Spotify_CloneUITests.swift; sourceTree = "<group>"; };
		203F558127FB462900D24E67 /* Spotify_CloneUITestsLaunchTests.swift */ = {isa = PBXFileReference; lastKnownFileType = sourcecode.swift; path = Spotify_CloneUITestsLaunchTests.swift; sourceTree = "<group>"; };
		203F559527FB734E00D24E67 /* TabBarViewController.swift */ = {isa = PBXFileReference; lastKnownFileType = sourcecode.swift; path = TabBarViewController.swift; sourceTree = "<group>"; };
		203F559727FB73B200D24E67 /* SearchViewController.swift */ = {isa = PBXFileReference; lastKnownFileType = sourcecode.swift; path = SearchViewController.swift; sourceTree = "<group>"; };
		203F559A27FB73D500D24E67 /* LibraryViewController.swift */ = {isa = PBXFileReference; lastKnownFileType = sourcecode.swift; path = LibraryViewController.swift; sourceTree = "<group>"; };
		203F559C27FB73FB00D24E67 /* AuthViewController.swift */ = {isa = PBXFileReference; lastKnownFileType = sourcecode.swift; path = AuthViewController.swift; sourceTree = "<group>"; };
		203F559E27FB741200D24E67 /* WellcomeViewController.swift */ = {isa = PBXFileReference; lastKnownFileType = sourcecode.swift; path = WellcomeViewController.swift; sourceTree = "<group>"; };
		203F55A027FB742500D24E67 /* SettingsViewController.swift */ = {isa = PBXFileReference; lastKnownFileType = sourcecode.swift; path = SettingsViewController.swift; sourceTree = "<group>"; };
		203F55A227FB744900D24E67 /* ProfileViewController.swift */ = {isa = PBXFileReference; lastKnownFileType = sourcecode.swift; path = ProfileViewController.swift; sourceTree = "<group>"; };
		203F55A427FB746400D24E67 /* PlayerViewController.swift */ = {isa = PBXFileReference; lastKnownFileType = sourcecode.swift; path = PlayerViewController.swift; sourceTree = "<group>"; };
		203F55A627FB747600D24E67 /* PlaylistViewController.swift */ = {isa = PBXFileReference; lastKnownFileType = sourcecode.swift; path = PlaylistViewController.swift; sourceTree = "<group>"; };
		203F55A827FB748700D24E67 /* SearchResultViewController.swift */ = {isa = PBXFileReference; lastKnownFileType = sourcecode.swift; path = SearchResultViewController.swift; sourceTree = "<group>"; };
		203F55AA27FB74A300D24E67 /* AuthManager.swift */ = {isa = PBXFileReference; lastKnownFileType = sourcecode.swift; path = AuthManager.swift; sourceTree = "<group>"; };
		203F55AC27FB74C100D24E67 /* ApiCaller.swift */ = {isa = PBXFileReference; lastKnownFileType = sourcecode.swift; path = ApiCaller.swift; sourceTree = "<group>"; };
		203F55AE27FB74D100D24E67 /* HaptictsManager.swift */ = {isa = PBXFileReference; lastKnownFileType = sourcecode.swift; path = HaptictsManager.swift; sourceTree = "<group>"; };
		203F55B027FB74F800D24E67 /* Playlist.swift */ = {isa = PBXFileReference; lastKnownFileType = sourcecode.swift; path = Playlist.swift; sourceTree = "<group>"; };
		203F55B227FB750A00D24E67 /* AudioTrack.swift */ = {isa = PBXFileReference; lastKnownFileType = sourcecode.swift; path = AudioTrack.swift; sourceTree = "<group>"; };
		203F55B427FB752100D24E67 /* Artist.swift */ = {isa = PBXFileReference; lastKnownFileType = sourcecode.swift; path = Artist.swift; sourceTree = "<group>"; };
		203F55B627FB753400D24E67 /* UserProfile.swift */ = {isa = PBXFileReference; lastKnownFileType = sourcecode.swift; path = UserProfile.swift; sourceTree = "<group>"; };
/* End PBXFileReference section */

/* Begin PBXFrameworksBuildPhase section */
		203F555827FB462500D24E67 /* Frameworks */ = {
			isa = PBXFrameworksBuildPhase;
			buildActionMask = 2147483647;
			files = (
			);
			runOnlyForDeploymentPostprocessing = 0;
		};
		203F556E27FB462900D24E67 /* Frameworks */ = {
			isa = PBXFrameworksBuildPhase;
			buildActionMask = 2147483647;
			files = (
			);
			runOnlyForDeploymentPostprocessing = 0;
		};
		203F557827FB462900D24E67 /* Frameworks */ = {
			isa = PBXFrameworksBuildPhase;
			buildActionMask = 2147483647;
			files = (
			);
			runOnlyForDeploymentPostprocessing = 0;
		};
/* End PBXFrameworksBuildPhase section */

/* Begin PBXGroup section */
		203F555227FB462500D24E67 = {
			isa = PBXGroup;
			children = (
				203F555D27FB462500D24E67 /* Spotify Clone */,
				203F557427FB462900D24E67 /* Spotify CloneTests */,
				203F557E27FB462900D24E67 /* Spotify CloneUITests */,
				203F555C27FB462500D24E67 /* Products */,
			);
			sourceTree = "<group>";
		};
		203F555C27FB462500D24E67 /* Products */ = {
			isa = PBXGroup;
			children = (
				203F555B27FB462500D24E67 /* Spotify Clone.app */,
				203F557127FB462900D24E67 /* Spotify CloneTests.xctest */,
				203F557B27FB462900D24E67 /* Spotify CloneUITests.xctest */,
			);
			name = Products;
			sourceTree = "<group>";
		};
		203F555D27FB462500D24E67 /* Spotify Clone */ = {
			isa = PBXGroup;
			children = (
				203F559327FB46E900D24E67 /* Resources */,
				203F559227FB46BE00D24E67 /* Managers */,
				203F559127FB46AF00D24E67 /* ViewModels */,
				203F559027FB469F00D24E67 /* Controllers */,
				203F558F27FB467A00D24E67 /* Models */,
				203F558E27FB466B00D24E67 /* Views */,
				203F556C27FB462900D24E67 /* Info.plist */,
			);
			path = "Spotify Clone";
			sourceTree = "<group>";
		};
		203F557427FB462900D24E67 /* Spotify CloneTests */ = {
			isa = PBXGroup;
			children = (
				203F557527FB462900D24E67 /* Spotify_CloneTests.swift */,
			);
			path = "Spotify CloneTests";
			sourceTree = "<group>";
		};
		203F557E27FB462900D24E67 /* Spotify CloneUITests */ = {
			isa = PBXGroup;
			children = (
				203F557F27FB462900D24E67 /* Spotify_CloneUITests.swift */,
				203F558127FB462900D24E67 /* Spotify_CloneUITestsLaunchTests.swift */,
			);
			path = "Spotify CloneUITests";
			sourceTree = "<group>";
		};
		203F558E27FB466B00D24E67 /* Views */ = {
			isa = PBXGroup;
			children = (
				203F556927FB462900D24E67 /* LaunchScreen.storyboard */,
			);
			path = Views;
			sourceTree = "<group>";
		};
		203F558F27FB467A00D24E67 /* Models */ = {
			isa = PBXGroup;
			children = (
				203F55B027FB74F800D24E67 /* Playlist.swift */,
				203F55B227FB750A00D24E67 /* AudioTrack.swift */,
				203F55B427FB752100D24E67 /* Artist.swift */,
				203F55B627FB753400D24E67 /* UserProfile.swift */,
			);
			path = Models;
			sourceTree = "<group>";
		};
		203F559027FB469F00D24E67 /* Controllers */ = {
			isa = PBXGroup;
			children = (
				203F559927FB73BB00D24E67 /* other */,
				203F559427FB72D400D24E67 /* core */,
			);
			path = Controllers;
			sourceTree = "<group>";
		};
		203F559127FB46AF00D24E67 /* ViewModels */ = {
			isa = PBXGroup;
			children = (
			);
			path = ViewModels;
			sourceTree = "<group>";
		};
		203F559227FB46BE00D24E67 /* Managers */ = {
			isa = PBXGroup;
			children = (
				203F55AA27FB74A300D24E67 /* AuthManager.swift */,
				203F55AC27FB74C100D24E67 /* ApiCaller.swift */,
				203F55AE27FB74D100D24E67 /* HaptictsManager.swift */,
			);
			path = Managers;
			sourceTree = "<group>";
		};
		203F559327FB46E900D24E67 /* Resources */ = {
			isa = PBXGroup;
			children = (
				203F556727FB462900D24E67 /* Assets.xcassets */,
				203F555E27FB462500D24E67 /* AppDelegate.swift */,
				203F556027FB462500D24E67 /* SceneDelegate.swift */,
			);
			path = Resources;
			sourceTree = "<group>";
		};
		203F559427FB72D400D24E67 /* core */ = {
			isa = PBXGroup;
			children = (
				203F556227FB462500D24E67 /* HomeViewController.swift */,
				203F559527FB734E00D24E67 /* TabBarViewController.swift */,
				203F559727FB73B200D24E67 /* SearchViewController.swift */,
				203F559A27FB73D500D24E67 /* LibraryViewController.swift */,
			);
			path = core;
			sourceTree = "<group>";
		};
		203F559927FB73BB00D24E67 /* other */ = {
			isa = PBXGroup;
			children = (
				203F559C27FB73FB00D24E67 /* AuthViewController.swift */,
				203F559E27FB741200D24E67 /* WellcomeViewController.swift */,
				203F55A027FB742500D24E67 /* SettingsViewController.swift */,
				203F55A227FB744900D24E67 /* ProfileViewController.swift */,
				203F55A427FB746400D24E67 /* PlayerViewController.swift */,
				203F55A627FB747600D24E67 /* PlaylistViewController.swift */,
				203F55A827FB748700D24E67 /* SearchResultViewController.swift */,
			);
			path = other;
			sourceTree = "<group>";
		};
/* End PBXGroup section */

/* Begin PBXNativeTarget section */
		203F555A27FB462500D24E67 /* Spotify Clone */ = {
			isa = PBXNativeTarget;
			buildConfigurationList = 203F558527FB462900D24E67 /* Build configuration list for PBXNativeTarget "Spotify Clone" */;
			buildPhases = (
				203F555727FB462500D24E67 /* Sources */,
				203F555827FB462500D24E67 /* Frameworks */,
				203F555927FB462500D24E67 /* Resources */,
			);
			buildRules = (
			);
			dependencies = (
			);
			name = "Spotify Clone";
			productName = "Spotify Clone";
			productReference = 203F555B27FB462500D24E67 /* Spotify Clone.app */;
			productType = "com.apple.product-type.application";
		};
		203F557027FB462900D24E67 /* Spotify CloneTests */ = {
			isa = PBXNativeTarget;
			buildConfigurationList = 203F558827FB462900D24E67 /* Build configuration list for PBXNativeTarget "Spotify CloneTests" */;
			buildPhases = (
				203F556D27FB462900D24E67 /* Sources */,
				203F556E27FB462900D24E67 /* Frameworks */,
				203F556F27FB462900D24E67 /* Resources */,
			);
			buildRules = (
			);
			dependencies = (
				203F557327FB462900D24E67 /* PBXTargetDependency */,
			);
			name = "Spotify CloneTests";
			productName = "Spotify CloneTests";
			productReference = 203F557127FB462900D24E67 /* Spotify CloneTests.xctest */;
			productType = "com.apple.product-type.bundle.unit-test";
		};
		203F557A27FB462900D24E67 /* Spotify CloneUITests */ = {
			isa = PBXNativeTarget;
			buildConfigurationList = 203F558B27FB462900D24E67 /* Build configuration list for PBXNativeTarget "Spotify CloneUITests" */;
			buildPhases = (
				203F557727FB462900D24E67 /* Sources */,
				203F557827FB462900D24E67 /* Frameworks */,
				203F557927FB462900D24E67 /* Resources */,
			);
			buildRules = (
			);
			dependencies = (
				203F557D27FB462900D24E67 /* PBXTargetDependency */,
			);
			name = "Spotify CloneUITests";
			productName = "Spotify CloneUITests";
			productReference = 203F557B27FB462900D24E67 /* Spotify CloneUITests.xctest */;
			productType = "com.apple.product-type.bundle.ui-testing";
		};
/* End PBXNativeTarget section */

/* Begin PBXProject section */
		203F555327FB462500D24E67 /* Project object */ = {
			isa = PBXProject;
			attributes = {
				BuildIndependentTargetsInParallel = 1;
				LastSwiftUpdateCheck = 1330;
				LastUpgradeCheck = 1330;
				TargetAttributes = {
					203F555A27FB462500D24E67 = {
						CreatedOnToolsVersion = 13.3;
					};
					203F557027FB462900D24E67 = {
						CreatedOnToolsVersion = 13.3;
						TestTargetID = 203F555A27FB462500D24E67;
					};
					203F557A27FB462900D24E67 = {
						CreatedOnToolsVersion = 13.3;
						TestTargetID = 203F555A27FB462500D24E67;
					};
				};
			};
			buildConfigurationList = 203F555627FB462500D24E67 /* Build configuration list for PBXProject "Spotify Clone" */;
			compatibilityVersion = "Xcode 13.0";
			developmentRegion = en;
			hasScannedForEncodings = 0;
			knownRegions = (
				en,
				Base,
			);
			mainGroup = 203F555227FB462500D24E67;
			productRefGroup = 203F555C27FB462500D24E67 /* Products */;
			projectDirPath = "";
			projectRoot = "";
			targets = (
				203F555A27FB462500D24E67 /* Spotify Clone */,
				203F557027FB462900D24E67 /* Spotify CloneTests */,
				203F557A27FB462900D24E67 /* Spotify CloneUITests */,
			);
		};
/* End PBXProject section */

/* Begin PBXResourcesBuildPhase section */
		203F555927FB462500D24E67 /* Resources */ = {
			isa = PBXResourcesBuildPhase;
			buildActionMask = 2147483647;
			files = (
				203F556B27FB462900D24E67 /* LaunchScreen.storyboard in Resources */,
				203F556827FB462900D24E67 /* Assets.xcassets in Resources */,
			);
			runOnlyForDeploymentPostprocessing = 0;
		};
		203F556F27FB462900D24E67 /* Resources */ = {
			isa = PBXResourcesBuildPhase;
			buildActionMask = 2147483647;
			files = (
			);
			runOnlyForDeploymentPostprocessing = 0;
		};
		203F557927FB462900D24E67 /* Resources */ = {
			isa = PBXResourcesBuildPhase;
			buildActionMask = 2147483647;
			files = (
			);
			runOnlyForDeploymentPostprocessing = 0;
		};
/* End PBXResourcesBuildPhase section */

/* Begin PBXSourcesBuildPhase section */
		203F555727FB462500D24E67 /* Sources */ = {
			isa = PBXSourcesBuildPhase;
			buildActionMask = 2147483647;
			files = (
				203F559827FB73B200D24E67 /* SearchViewController.swift in Sources */,
				203F55B127FB74F800D24E67 /* Playlist.swift in Sources */,
				203F55AB27FB74A300D24E67 /* AuthManager.swift in Sources */,
				203F559627FB734E00D24E67 /* TabBarViewController.swift in Sources */,
				203F55A327FB744900D24E67 /* ProfileViewController.swift in Sources */,
				203F55AD27FB74C100D24E67 /* ApiCaller.swift in Sources */,
				203F556327FB462500D24E67 /* HomeViewController.swift in Sources */,
				203F559D27FB73FB00D24E67 /* AuthViewController.swift in Sources */,
				203F55B327FB750A00D24E67 /* AudioTrack.swift in Sources */,
				203F555F27FB462500D24E67 /* AppDelegate.swift in Sources */,
				203F559B27FB73D500D24E67 /* LibraryViewController.swift in Sources */,
				203F559F27FB741200D24E67 /* WellcomeViewController.swift in Sources */,
				203F55B727FB753400D24E67 /* UserProfile.swift in Sources */,
				203F55A727FB747700D24E67 /* PlaylistViewController.swift in Sources */,
				203F55B527FB752100D24E67 /* Artist.swift in Sources */,
				203F55AF27FB74D100D24E67 /* HaptictsManager.swift in Sources */,
				203F556127FB462500D24E67 /* SceneDelegate.swift in Sources */,
				203F55A527FB746400D24E67 /* PlayerViewController.swift in Sources */,
				203F55A927FB748700D24E67 /* SearchResultViewController.swift in Sources */,
				203F55A127FB742500D24E67 /* SettingsViewController.swift in Sources */,
			);
			runOnlyForDeploymentPostprocessing = 0;
		};
		203F556D27FB462900D24E67 /* Sources */ = {
			isa = PBXSourcesBuildPhase;
			buildActionMask = 2147483647;
			files = (
				203F557627FB462900D24E67 /* Spotify_CloneTests.swift in Sources */,
			);
			runOnlyForDeploymentPostprocessing = 0;
		};
		203F557727FB462900D24E67 /* Sources */ = {
			isa = PBXSourcesBuildPhase;
			buildActionMask = 2147483647;
			files = (
				203F558027FB462900D24E67 /* Spotify_CloneUITests.swift in Sources */,
				203F558227FB462900D24E67 /* Spotify_CloneUITestsLaunchTests.swift in Sources */,
			);
			runOnlyForDeploymentPostprocessing = 0;
		};
/* End PBXSourcesBuildPhase section */

/* Begin PBXTargetDependency section */
		203F557327FB462900D24E67 /* PBXTargetDependency */ = {
			isa = PBXTargetDependency;
			target = 203F555A27FB462500D24E67 /* Spotify Clone */;
			targetProxy = 203F557227FB462900D24E67 /* PBXContainerItemProxy */;
		};
		203F557D27FB462900D24E67 /* PBXTargetDependency */ = {
			isa = PBXTargetDependency;
			target = 203F555A27FB462500D24E67 /* Spotify Clone */;
			targetProxy = 203F557C27FB462900D24E67 /* PBXContainerItemProxy */;
		};
/* End PBXTargetDependency section */

/* Begin PBXVariantGroup section */
		203F556927FB462900D24E67 /* LaunchScreen.storyboard */ = {
			isa = PBXVariantGroup;
			children = (
				203F556A27FB462900D24E67 /* Base */,
			);
			name = LaunchScreen.storyboard;
			sourceTree = "<group>";
		};
/* End PBXVariantGroup section */

/* Begin XCBuildConfiguration section */
		203F558327FB462900D24E67 /* Debug */ = {
			isa = XCBuildConfiguration;
			buildSettings = {
				ALWAYS_SEARCH_USER_PATHS = NO;
				CLANG_ANALYZER_NONNULL = YES;
				CLANG_ANALYZER_NUMBER_OBJECT_CONVERSION = YES_AGGRESSIVE;
				CLANG_CXX_LANGUAGE_STANDARD = "gnu++17";
				CLANG_ENABLE_MODULES = YES;
				CLANG_ENABLE_OBJC_ARC = YES;
				CLANG_ENABLE_OBJC_WEAK = YES;
				CLANG_WARN_BLOCK_CAPTURE_AUTORELEASING = YES;
				CLANG_WARN_BOOL_CONVERSION = YES;
				CLANG_WARN_COMMA = YES;
				CLANG_WARN_CONSTANT_CONVERSION = YES;
				CLANG_WARN_DEPRECATED_OBJC_IMPLEMENTATIONS = YES;
				CLANG_WARN_DIRECT_OBJC_ISA_USAGE = YES_ERROR;
				CLANG_WARN_DOCUMENTATION_COMMENTS = YES;
				CLANG_WARN_EMPTY_BODY = YES;
				CLANG_WARN_ENUM_CONVERSION = YES;
				CLANG_WARN_INFINITE_RECURSION = YES;
				CLANG_WARN_INT_CONVERSION = YES;
				CLANG_WARN_NON_LITERAL_NULL_CONVERSION = YES;
				CLANG_WARN_OBJC_IMPLICIT_RETAIN_SELF = YES;
				CLANG_WARN_OBJC_LITERAL_CONVERSION = YES;
				CLANG_WARN_OBJC_ROOT_CLASS = YES_ERROR;
				CLANG_WARN_QUOTED_INCLUDE_IN_FRAMEWORK_HEADER = YES;
				CLANG_WARN_RANGE_LOOP_ANALYSIS = YES;
				CLANG_WARN_STRICT_PROTOTYPES = YES;
				CLANG_WARN_SUSPICIOUS_MOVE = YES;
				CLANG_WARN_UNGUARDED_AVAILABILITY = YES_AGGRESSIVE;
				CLANG_WARN_UNREACHABLE_CODE = YES;
				CLANG_WARN__DUPLICATE_METHOD_MATCH = YES;
				COPY_PHASE_STRIP = NO;
				DEBUG_INFORMATION_FORMAT = dwarf;
				ENABLE_STRICT_OBJC_MSGSEND = YES;
				ENABLE_TESTABILITY = YES;
				GCC_C_LANGUAGE_STANDARD = gnu11;
				GCC_DYNAMIC_NO_PIC = NO;
				GCC_NO_COMMON_BLOCKS = YES;
				GCC_OPTIMIZATION_LEVEL = 0;
				GCC_PREPROCESSOR_DEFINITIONS = (
					"DEBUG=1",
					"$(inherited)",
				);
				GCC_WARN_64_TO_32_BIT_CONVERSION = YES;
				GCC_WARN_ABOUT_RETURN_TYPE = YES_ERROR;
				GCC_WARN_UNDECLARED_SELECTOR = YES;
				GCC_WARN_UNINITIALIZED_AUTOS = YES_AGGRESSIVE;
				GCC_WARN_UNUSED_FUNCTION = YES;
				GCC_WARN_UNUSED_VARIABLE = YES;
				IPHONEOS_DEPLOYMENT_TARGET = 15.4;
				MTL_ENABLE_DEBUG_INFO = INCLUDE_SOURCE;
				MTL_FAST_MATH = YES;
				ONLY_ACTIVE_ARCH = YES;
				SDKROOT = iphoneos;
				SWIFT_ACTIVE_COMPILATION_CONDITIONS = DEBUG;
				SWIFT_OPTIMIZATION_LEVEL = "-Onone";
			};
			name = Debug;
		};
		203F558427FB462900D24E67 /* Release */ = {
			isa = XCBuildConfiguration;
			buildSettings = {
				ALWAYS_SEARCH_USER_PATHS = NO;
				CLANG_ANALYZER_NONNULL = YES;
				CLANG_ANALYZER_NUMBER_OBJECT_CONVERSION = YES_AGGRESSIVE;
				CLANG_CXX_LANGUAGE_STANDARD = "gnu++17";
				CLANG_ENABLE_MODULES = YES;
				CLANG_ENABLE_OBJC_ARC = YES;
				CLANG_ENABLE_OBJC_WEAK = YES;
				CLANG_WARN_BLOCK_CAPTURE_AUTORELEASING = YES;
				CLANG_WARN_BOOL_CONVERSION = YES;
				CLANG_WARN_COMMA = YES;
				CLANG_WARN_CONSTANT_CONVERSION = YES;
				CLANG_WARN_DEPRECATED_OBJC_IMPLEMENTATIONS = YES;
				CLANG_WARN_DIRECT_OBJC_ISA_USAGE = YES_ERROR;
				CLANG_WARN_DOCUMENTATION_COMMENTS = YES;
				CLANG_WARN_EMPTY_BODY = YES;
				CLANG_WARN_ENUM_CONVERSION = YES;
				CLANG_WARN_INFINITE_RECURSION = YES;
				CLANG_WARN_INT_CONVERSION = YES;
				CLANG_WARN_NON_LITERAL_NULL_CONVERSION = YES;
				CLANG_WARN_OBJC_IMPLICIT_RETAIN_SELF = YES;
				CLANG_WARN_OBJC_LITERAL_CONVERSION = YES;
				CLANG_WARN_OBJC_ROOT_CLASS = YES_ERROR;
				CLANG_WARN_QUOTED_INCLUDE_IN_FRAMEWORK_HEADER = YES;
				CLANG_WARN_RANGE_LOOP_ANALYSIS = YES;
				CLANG_WARN_STRICT_PROTOTYPES = YES;
				CLANG_WARN_SUSPICIOUS_MOVE = YES;
				CLANG_WARN_UNGUARDED_AVAILABILITY = YES_AGGRESSIVE;
				CLANG_WARN_UNREACHABLE_CODE = YES;
				CLANG_WARN__DUPLICATE_METHOD_MATCH = YES;
				COPY_PHASE_STRIP = NO;
				DEBUG_INFORMATION_FORMAT = "dwarf-with-dsym";
				ENABLE_NS_ASSERTIONS = NO;
				ENABLE_STRICT_OBJC_MSGSEND = YES;
				GCC_C_LANGUAGE_STANDARD = gnu11;
				GCC_NO_COMMON_BLOCKS = YES;
				GCC_WARN_64_TO_32_BIT_CONVERSION = YES;
				GCC_WARN_ABOUT_RETURN_TYPE = YES_ERROR;
				GCC_WARN_UNDECLARED_SELECTOR = YES;
				GCC_WARN_UNINITIALIZED_AUTOS = YES_AGGRESSIVE;
				GCC_WARN_UNUSED_FUNCTION = YES;
				GCC_WARN_UNUSED_VARIABLE = YES;
				IPHONEOS_DEPLOYMENT_TARGET = 15.4;
				MTL_ENABLE_DEBUG_INFO = NO;
				MTL_FAST_MATH = YES;
				SDKROOT = iphoneos;
				SWIFT_COMPILATION_MODE = wholemodule;
				SWIFT_OPTIMIZATION_LEVEL = "-O";
				VALIDATE_PRODUCT = YES;
			};
			name = Release;
		};
		203F558627FB462900D24E67 /* Debug */ = {
			isa = XCBuildConfiguration;
			buildSettings = {
				ASSETCATALOG_COMPILER_APPICON_NAME = AppIcon;
				ASSETCATALOG_COMPILER_GLOBAL_ACCENT_COLOR_NAME = AccentColor;
				CODE_SIGN_STYLE = Automatic;
				CURRENT_PROJECT_VERSION = 1;
				DEVELOPMENT_TEAM = LTTMWJQJR5;
				GENERATE_INFOPLIST_FILE = YES;
				INFOPLIST_FILE = "Spotify Clone/Info.plist";
				INFOPLIST_KEY_UIApplicationSupportsIndirectInputEvents = YES;
				INFOPLIST_KEY_UILaunchStoryboardName = LaunchScreen;
				INFOPLIST_KEY_UISupportedInterfaceOrientations_iPad = "UIInterfaceOrientationPortrait UIInterfaceOrientationPortraitUpsideDown UIInterfaceOrientationLandscapeLeft UIInterfaceOrientationLandscapeRight";
				INFOPLIST_KEY_UISupportedInterfaceOrientations_iPhone = "UIInterfaceOrientationPortrait UIInterfaceOrientationLandscapeLeft UIInterfaceOrientationLandscapeRight";
				LD_RUNPATH_SEARCH_PATHS = (
					"$(inherited)",
					"@executable_path/Frameworks",
				);
				MARKETING_VERSION = 1.0;
				PRODUCT_BUNDLE_IDENTIFIER = "saidFatah.Spotify-Clone";
				PRODUCT_NAME = "$(TARGET_NAME)";
				SWIFT_EMIT_LOC_STRINGS = YES;
				SWIFT_VERSION = 5.0;
				TARGETED_DEVICE_FAMILY = "1,2";
			};
			name = Debug;
		};
		203F558727FB462900D24E67 /* Release */ = {
			isa = XCBuildConfiguration;
			buildSettings = {
				ASSETCATALOG_COMPILER_APPICON_NAME = AppIcon;
				ASSETCATALOG_COMPILER_GLOBAL_ACCENT_COLOR_NAME = AccentColor;
				CODE_SIGN_STYLE = Automatic;
				CURRENT_PROJECT_VERSION = 1;
				DEVELOPMENT_TEAM = LTTMWJQJR5;
				GENERATE_INFOPLIST_FILE = YES;
				INFOPLIST_FILE = "Spotify Clone/Info.plist";
				INFOPLIST_KEY_UIApplicationSupportsIndirectInputEvents = YES;
				INFOPLIST_KEY_UILaunchStoryboardName = LaunchScreen;
				INFOPLIST_KEY_UISupportedInterfaceOrientations_iPad = "UIInterfaceOrientationPortrait UIInterfaceOrientationPortraitUpsideDown UIInterfaceOrientationLandscapeLeft UIInterfaceOrientationLandscapeRight";
				INFOPLIST_KEY_UISupportedInterfaceOrientations_iPhone = "UIInterfaceOrientationPortrait UIInterfaceOrientationLandscapeLeft UIInterfaceOrientationLandscapeRight";
				LD_RUNPATH_SEARCH_PATHS = (
					"$(inherited)",
					"@executable_path/Frameworks",
				);
				MARKETING_VERSION = 1.0;
				PRODUCT_BUNDLE_IDENTIFIER = "saidFatah.Spotify-Clone";
				PRODUCT_NAME = "$(TARGET_NAME)";
				SWIFT_EMIT_LOC_STRINGS = YES;
				SWIFT_VERSION = 5.0;
				TARGETED_DEVICE_FAMILY = "1,2";
			};
			name = Release;
		};
		203F558927FB462900D24E67 /* Debug */ = {
			isa = XCBuildConfiguration;
			buildSettings = {
				ALWAYS_EMBED_SWIFT_STANDARD_LIBRARIES = YES;
				BUNDLE_LOADER = "$(TEST_HOST)";
				CODE_SIGN_STYLE = Automatic;
				CURRENT_PROJECT_VERSION = 1;
				DEVELOPMENT_TEAM = LTTMWJQJR5;
				GENERATE_INFOPLIST_FILE = YES;
				IPHONEOS_DEPLOYMENT_TARGET = 15.4;
				MARKETING_VERSION = 1.0;
				PRODUCT_BUNDLE_IDENTIFIER = "saidFatah.Spotify-CloneTests";
				PRODUCT_NAME = "$(TARGET_NAME)";
				SWIFT_EMIT_LOC_STRINGS = NO;
				SWIFT_VERSION = 5.0;
				TARGETED_DEVICE_FAMILY = "1,2";
				TEST_HOST = "$(BUILT_PRODUCTS_DIR)/Spotify Clone.app/Spotify Clone";
			};
			name = Debug;
		};
		203F558A27FB462900D24E67 /* Release */ = {
			isa = XCBuildConfiguration;
			buildSettings = {
				ALWAYS_EMBED_SWIFT_STANDARD_LIBRARIES = YES;
				BUNDLE_LOADER = "$(TEST_HOST)";
				CODE_SIGN_STYLE = Automatic;
				CURRENT_PROJECT_VERSION = 1;
				DEVELOPMENT_TEAM = LTTMWJQJR5;
				GENERATE_INFOPLIST_FILE = YES;
				IPHONEOS_DEPLOYMENT_TARGET = 15.4;
				MARKETING_VERSION = 1.0;
				PRODUCT_BUNDLE_IDENTIFIER = "saidFatah.Spotify-CloneTests";
				PRODUCT_NAME = "$(TARGET_NAME)";
				SWIFT_EMIT_LOC_STRINGS = NO;
				SWIFT_VERSION = 5.0;
				TARGETED_DEVICE_FAMILY = "1,2";
				TEST_HOST = "$(BUILT_PRODUCTS_DIR)/Spotify Clone.app/Spotify Clone";
			};
			name = Release;
		};
		203F558C27FB462900D24E67 /* Debug */ = {
			isa = XCBuildConfiguration;
			buildSettings = {
				ALWAYS_EMBED_SWIFT_STANDARD_LIBRARIES = YES;
				CODE_SIGN_STYLE = Automatic;
				CURRENT_PROJECT_VERSION = 1;
				DEVELOPMENT_TEAM = LTTMWJQJR5;
				GENERATE_INFOPLIST_FILE = YES;
				MARKETING_VERSION = 1.0;
				PRODUCT_BUNDLE_IDENTIFIER = "saidFatah.Spotify-CloneUITests";
				PRODUCT_NAME = "$(TARGET_NAME)";
				SWIFT_EMIT_LOC_STRINGS = NO;
				SWIFT_VERSION = 5.0;
				TARGETED_DEVICE_FAMILY = "1,2";
				TEST_TARGET_NAME = "Spotify Clone";
			};
			name = Debug;
		};
		203F558D27FB462900D24E67 /* Release */ = {
			isa = XCBuildConfiguration;
			buildSettings = {
				ALWAYS_EMBED_SWIFT_STANDARD_LIBRARIES = YES;
				CODE_SIGN_STYLE = Automatic;
				CURRENT_PROJECT_VERSION = 1;
				DEVELOPMENT_TEAM = LTTMWJQJR5;
				GENERATE_INFOPLIST_FILE = YES;
				MARKETING_VERSION = 1.0;
				PRODUCT_BUNDLE_IDENTIFIER = "saidFatah.Spotify-CloneUITests";
				PRODUCT_NAME = "$(TARGET_NAME)";
				SWIFT_EMIT_LOC_STRINGS = NO;
				SWIFT_VERSION = 5.0;
				TARGETED_DEVICE_FAMILY = "1,2";
				TEST_TARGET_NAME = "Spotify Clone";
			};
			name = Release;
		};
/* End XCBuildConfiguration section */

/* Begin XCConfigurationList section */
		203F555627FB462500D24E67 /* Build configuration list for PBXProject "Spotify Clone" */ = {
			isa = XCConfigurationList;
			buildConfigurations = (
				203F558327FB462900D24E67 /* Debug */,
				203F558427FB462900D24E67 /* Release */,
			);
			defaultConfigurationIsVisible = 0;
			defaultConfigurationName = Release;
		};
		203F558527FB462900D24E67 /* Build configuration list for PBXNativeTarget "Spotify Clone" */ = {
			isa = XCConfigurationList;
			buildConfigurations = (
				203F558627FB462900D24E67 /* Debug */,
				203F558727FB462900D24E67 /* Release */,
			);
			defaultConfigurationIsVisible = 0;
			defaultConfigurationName = Release;
		};
		203F558827FB462900D24E67 /* Build configuration list for PBXNativeTarget "Spotify CloneTests" */ = {
			isa = XCConfigurationList;
			buildConfigurations = (
				203F558927FB462900D24E67 /* Debug */,
				203F558A27FB462900D24E67 /* Release */,
			);
			defaultConfigurationIsVisible = 0;
			defaultConfigurationName = Release;
		};
		203F558B27FB462900D24E67 /* Build configuration list for PBXNativeTarget "Spotify CloneUITests" */ = {
			isa = XCConfigurationList;
			buildConfigurations = (
				203F558C27FB462900D24E67 /* Debug */,
				203F558D27FB462900D24E67 /* Release */,
			);
			defaultConfigurationIsVisible = 0;
			defaultConfigurationName = Release;
		};
/* End XCConfigurationList section */
	};
	rootObject = 203F555327FB462500D24E67 /* Project object */;
}
